
Microsoft Visual Studio Solution File, Format Version 12.00
# Visual Studio Version 16
VisualStudioVersion = 16.0.29920.165
MinimumVisualStudioVersion = 10.0.40219.1
Project("{FAE04EC0-301F-11D3-BF4B-00C04F79EFBC}") = "ChatApp.API", "ChatApp.API\ChatApp.API.csproj", "{F7404ADA-44A5-419A-9FC3-38B9111F4CB8}"
EndProject
Global
	GlobalSection(SolutionConfigurationPlatforms) = preSolution
		Debug|Any CPU = Debug|Any CPU
		Release|Any CPU = Release|Any CPU
	EndGlobalSection
	GlobalSection(ProjectConfigurationPlatforms) = postSolution
		{F7404ADA-44A5-419A-9FC3-38B9111F4CB8}.Debug|Any CPU.ActiveCfg = Debug|Any CPU
		{F7404ADA-44A5-419A-9FC3-38B9111F4CB8}.Debug|Any CPU.Build.0 = Debug|Any CPU
		{F7404ADA-44A5-419A-9FC3-38B9111F4CB8}.Release|Any CPU.ActiveCfg = Release|Any CPU
		{F7404ADA-44A5-419A-9FC3-38B9111F4CB8}.Release|Any CPU.Build.0 = Release|Any CPU
	EndGlobalSection
	GlobalSection(SolutionProperties) = preSolution
		HideSolutionNode = FALSE
	EndGlobalSection
	GlobalSection(ExtensibilityGlobals) = postSolution
		SolutionGuid = {624F5AD9-C13E-462C-BA79-2375B692234E}
	EndGlobalSection
EndGlobal
